
Microsoft Visual Studio Solution File, Format Version 12.00
# Visual Studio 15
VisualStudioVersion = 15.0.27004.2010
MinimumVisualStudioVersion = 10.0.40219.1
Project("{FAE04EC0-301F-11D3-BF4B-00C04F79EFBC}") = "GameLimits", "GameLimits.csproj", "{6314CFFD-71F2-4B3A-B371-18F74143A14B}"
EndProject
Global
	GlobalSection(SolutionConfigurationPlatforms) = preSolution
		Debug|Any CPU = Debug|Any CPU
		Release|Any CPU = Release|Any CPU
		Script|Any CPU = Script|Any CPU
	EndGlobalSection
	GlobalSection(ProjectConfigurationPlatforms) = postSolution
		{6314CFFD-71F2-4B3A-B371-18F74143A14B}.Debug|Any CPU.ActiveCfg = Debug|Any CPU
		{6314CFFD-71F2-4B3A-B371-18F74143A14B}.Debug|Any CPU.Build.0 = Debug|Any CPU
		{6314CFFD-71F2-4B3A-B371-18F74143A14B}.Release|Any CPU.ActiveCfg = Release|Any CPU
		{6314CFFD-71F2-4B3A-B371-18F74143A14B}.Release|Any CPU.Build.0 = Release|Any CPU
		{6314CFFD-71F2-4B3A-B371-18F74143A14B}.Script|Any CPU.ActiveCfg = Script|Any CPU
		{6314CFFD-71F2-4B3A-B371-18F74143A14B}.Script|Any CPU.Build.0 = Script|Any CPU
	EndGlobalSection
	GlobalSection(SolutionProperties) = preSolution
		HideSolutionNode = FALSE
	EndGlobalSection
	GlobalSection(ExtensibilityGlobals) = postSolution
		SolutionGuid = {0BB0A8BA-98BD-4A3C-88F7-16809FAF05E6}
	EndGlobalSection
EndGlobal
